
Microsoft Visual Studio Solution File, Format Version 12.00
# Visual Studio Version 16
VisualStudioVersion = 16.0.32413.511
MinimumVisualStudioVersion = 10.0.40219.1
Project("{FAE04EC0-301F-11D3-BF4B-00C04F79EFBC}") = "CICDMvc", "CICDMvc.csproj", "{01F5C37C-15AB-401A-A7FA-11F418C0381D}"
EndProject
Global
	GlobalSection(SolutionConfigurationPlatforms) = preSolution
		Debug|Any CPU = Debug|Any CPU
		Release|Any CPU = Release|Any CPU
	EndGlobalSection
	GlobalSection(ProjectConfigurationPlatforms) = postSolution
		{01F5C37C-15AB-401A-A7FA-11F418C0381D}.Debug|Any CPU.ActiveCfg = Debug|Any CPU
		{01F5C37C-15AB-401A-A7FA-11F418C0381D}.Debug|Any CPU.Build.0 = Debug|Any CPU
		{01F5C37C-15AB-401A-A7FA-11F418C0381D}.Release|Any CPU.ActiveCfg = Release|Any CPU
		{01F5C37C-15AB-401A-A7FA-11F418C0381D}.Release|Any CPU.Build.0 = Release|Any CPU
	EndGlobalSection
	GlobalSection(SolutionProperties) = preSolution
		HideSolutionNode = FALSE
	EndGlobalSection
	GlobalSection(ExtensibilityGlobals) = postSolution
		SolutionGuid = {15CA49F5-A2ED-40F5-B593-B0F72C6737B4}
	EndGlobalSection
EndGlobal
